
Microsoft Visual Studio Solution File, Format Version 12.00
# Visual Studio Version 16
VisualStudioVersion = 25.0.1706.1
MinimumVisualStudioVersion = 10.0.40219.1
Project("{FAE04EC0-301F-11D3-BF4B-00C04F79EFBC}") = "BulkyWeb", "BulkyWeb\BulkyWeb.csproj", "{5852DC2C-571C-4F76-8EB4-021879A5AFAA}"
EndProject
Global
	GlobalSection(SolutionConfigurationPlatforms) = preSolution
		Debug|Any CPU = Debug|Any CPU
		Release|Any CPU = Release|Any CPU
	EndGlobalSection
	GlobalSection(ProjectConfigurationPlatforms) = postSolution
		{5852DC2C-571C-4F76-8EB4-021879A5AFAA}.Debug|Any CPU.ActiveCfg = Debug|Any CPU
		{5852DC2C-571C-4F76-8EB4-021879A5AFAA}.Debug|Any CPU.Build.0 = Debug|Any CPU
		{5852DC2C-571C-4F76-8EB4-021879A5AFAA}.Release|Any CPU.ActiveCfg = Release|Any CPU
		{5852DC2C-571C-4F76-8EB4-021879A5AFAA}.Release|Any CPU.Build.0 = Release|Any CPU
	EndGlobalSection
	GlobalSection(SolutionProperties) = preSolution
		HideSolutionNode = FALSE
	EndGlobalSection
	GlobalSection(ExtensibilityGlobals) = postSolution
		SolutionGuid = {D2E8C254-2BDA-4B94-96D3-A7341F2922CA}
	EndGlobalSection
EndGlobal
